
Microsoft Visual Studio Solution File, Format Version 12.00
# Visual Studio 15
VisualStudioVersion = 15.0.28307.902
MinimumVisualStudioVersion = 10.0.40219.1
Project("{D954291E-2A0B-460D-934E-DC6B0785DB48}") = "ChummerX.Shared", "ChummerX\ChummerX.Shared\ChummerX.Shared.shproj", "{6279C845-92F8-4333-AB99-3D213163593C}"
EndProject
Project("{FAE04EC0-301F-11D3-BF4B-00C04F79EFBC}") = "ChummerX.Droid", "ChummerX\ChummerX.Droid\ChummerX.Droid.csproj", "{E3CA36FA-AB4F-4DB3-9B53-914BC35FF5EF}"
EndProject
Project("{FAE04EC0-301F-11D3-BF4B-00C04F79EFBC}") = "ChummerX.iOS", "ChummerX\ChummerX.iOS\ChummerX.iOS.csproj", "{8DAA4302-D8BE-40EB-AC55-FBD598D2E5AA}"
EndProject
Project("{FAE04EC0-301F-11D3-BF4B-00C04F79EFBC}") = "ChummerX.UWP", "ChummerX\ChummerX.UWP\ChummerX.UWP.csproj", "{D819A12F-4810-4726-B526-B850311BFA45}"
EndProject
Project("{FAE04EC0-301F-11D3-BF4B-00C04F79EFBC}") = "ChummerX.Wasm", "ChummerX\ChummerX.Wasm\ChummerX.Wasm.csproj", "{1A3D371D-2D22-4061-8E54-45D5E8E26454}"
EndProject
Project("{FAE04EC0-301F-11D3-BF4B-00C04F79EFBC}") = "ChummerX.macOS", "ChummerX\ChummerX.macOS\ChummerX.macOS.csproj", "{6D334DC6-3557-4171-85A1-4118B7CCA766}"
EndProject
Global
	GlobalSection(SharedMSBuildProjectFiles) = preSolution
		ChummerX\ChummerX.Shared\ChummerX.Shared.projitems*{6279c845-92f8-4333-ab99-3d213163593c}*SharedItemsImports = 13
		ChummerX\ChummerX.Shared\ChummerX.Shared.projitems*{6d334dc6-3557-4171-85a1-4118b7cca766}*SharedItemsImports = 4
		ChummerX\ChummerX.Shared\ChummerX.Shared.projitems*{8daa4302-d8be-40eb-ac55-fbd598d2e5aa}*SharedItemsImports = 4
		ChummerX\ChummerX.Shared\ChummerX.Shared.projitems*{d819a12f-4810-4726-b526-b850311bfa45}*SharedItemsImports = 4
		ChummerX\ChummerX.Shared\ChummerX.Shared.projitems*{e3ca36fa-ab4f-4db3-9b53-914bc35ff5ef}*SharedItemsImports = 4
	EndGlobalSection
	GlobalSection(SolutionConfigurationPlatforms) = preSolution
		Ad-Hoc|Any CPU = Ad-Hoc|Any CPU
		Ad-Hoc|ARM = Ad-Hoc|ARM
		Ad-Hoc|ARM64 = Ad-Hoc|ARM64
		Ad-Hoc|iPhone = Ad-Hoc|iPhone
		Ad-Hoc|iPhoneSimulator = Ad-Hoc|iPhoneSimulator
		Ad-Hoc|x64 = Ad-Hoc|x64
		Ad-Hoc|x86 = Ad-Hoc|x86
		AppStore|Any CPU = AppStore|Any CPU
		AppStore|ARM = AppStore|ARM
		AppStore|ARM64 = AppStore|ARM64
		AppStore|iPhone = AppStore|iPhone
		AppStore|iPhoneSimulator = AppStore|iPhoneSimulator
		AppStore|x64 = AppStore|x64
		AppStore|x86 = AppStore|x86
		Debug|Any CPU = Debug|Any CPU
		Debug|ARM = Debug|ARM
		Debug|ARM64 = Debug|ARM64
		Debug|iPhone = Debug|iPhone
		Debug|iPhoneSimulator = Debug|iPhoneSimulator
		Debug|x64 = Debug|x64
		Debug|x86 = Debug|x86
		Release|Any CPU = Release|Any CPU
		Release|ARM = Release|ARM
		Release|ARM64 = Release|ARM64
		Release|iPhone = Release|iPhone
		Release|iPhoneSimulator = Release|iPhoneSimulator
		Release|x64 = Release|x64
		Release|x86 = Release|x86
	EndGlobalSection
	GlobalSection(ProjectConfigurationPlatforms) = postSolution
		{E3CA36FA-AB4F-4DB3-9B53-914BC35FF5EF}.Ad-Hoc|Any CPU.ActiveCfg = Release|Any CPU
		{E3CA36FA-AB4F-4DB3-9B53-914BC35FF5EF}.Ad-Hoc|Any CPU.Build.0 = Release|Any CPU
		{E3CA36FA-AB4F-4DB3-9B53-914BC35FF5EF}.Ad-Hoc|Any CPU.Deploy.0 = Release|Any CPU
		{E3CA36FA-AB4F-4DB3-9B53-914BC35FF5EF}.Ad-Hoc|ARM.ActiveCfg = Release|Any CPU
		{E3CA36FA-AB4F-4DB3-9B53-914BC35FF5EF}.Ad-Hoc|ARM.Build.0 = Release|Any CPU
		{E3CA36FA-AB4F-4DB3-9B53-914BC35FF5EF}.Ad-Hoc|ARM.Deploy.0 = Release|Any CPU
		{E3CA36FA-AB4F-4DB3-9B53-914BC35FF5EF}.Ad-Hoc|ARM64.ActiveCfg = Release|Any CPU
		{E3CA36FA-AB4F-4DB3-9B53-914BC35FF5EF}.Ad-Hoc|ARM64.Build.0 = Release|Any CPU
		{E3CA36FA-AB4F-4DB3-9B53-914BC35FF5EF}.Ad-Hoc|ARM64.Deploy.0 = Release|Any CPU
		{E3CA36FA-AB4F-4DB3-9B53-914BC35FF5EF}.Ad-Hoc|iPhone.ActiveCfg = Release|Any CPU
		{E3CA36FA-AB4F-4DB3-9B53-914BC35FF5EF}.Ad-Hoc|iPhone.Build.0 = Release|Any CPU
		{E3CA36FA-AB4F-4DB3-9B53-914BC35FF5EF}.Ad-Hoc|iPhone.Deploy.0 = Release|Any CPU
		{E3CA36FA-AB4F-4DB3-9B53-914BC35FF5EF}.Ad-Hoc|iPhoneSimulator.ActiveCfg = Release|Any CPU
		{E3CA36FA-AB4F-4DB3-9B53-914BC35FF5EF}.Ad-Hoc|iPhoneSimulator.Build.0 = Release|Any CPU
		{E3CA36FA-AB4F-4DB3-9B53-914BC35FF5EF}.Ad-Hoc|iPhoneSimulator.Deploy.0 = Release|Any CPU
		{E3CA36FA-AB4F-4DB3-9B53-914BC35FF5EF}.Ad-Hoc|x64.ActiveCfg = Release|Any CPU
		{E3CA36FA-AB4F-4DB3-9B53-914BC35FF5EF}.Ad-Hoc|x64.Build.0 = Release|Any CPU
		{E3CA36FA-AB4F-4DB3-9B53-914BC35FF5EF}.Ad-Hoc|x64.Deploy.0 = Release|Any CPU
		{E3CA36FA-AB4F-4DB3-9B53-914BC35FF5EF}.Ad-Hoc|x86.ActiveCfg = Release|Any CPU
		{E3CA36FA-AB4F-4DB3-9B53-914BC35FF5EF}.Ad-Hoc|x86.Build.0 = Release|Any CPU
		{E3CA36FA-AB4F-4DB3-9B53-914BC35FF5EF}.Ad-Hoc|x86.Deploy.0 = Release|Any CPU
		{E3CA36FA-AB4F-4DB3-9B53-914BC35FF5EF}.AppStore|Any CPU.ActiveCfg = Release|Any CPU
		{E3CA36FA-AB4F-4DB3-9B53-914BC35FF5EF}.AppStore|Any CPU.Build.0 = Release|Any CPU
		{E3CA36FA-AB4F-4DB3-9B53-914BC35FF5EF}.AppStore|Any CPU.Deploy.0 = Release|Any CPU
		{E3CA36FA-AB4F-4DB3-9B53-914BC35FF5EF}.AppStore|ARM.ActiveCfg = Release|Any CPU
		{E3CA36FA-AB4F-4DB3-9B53-914BC35FF5EF}.AppStore|ARM.Build.0 = Release|Any CPU
		{E3CA36FA-AB4F-4DB3-9B53-914BC35FF5EF}.AppStore|ARM.Deploy.0 = Release|Any CPU
		{E3CA36FA-AB4F-4DB3-9B53-914BC35FF5EF}.AppStore|ARM64.ActiveCfg = Release|Any CPU
		{E3CA36FA-AB4F-4DB3-9B53-914BC35FF5EF}.AppStore|ARM64.Build.0 = Release|Any CPU
		{E3CA36FA-AB4F-4DB3-9B53-914BC35FF5EF}.AppStore|ARM64.Deploy.0 = Release|Any CPU
		{E3CA36FA-AB4F-4DB3-9B53-914BC35FF5EF}.AppStore|iPhone.ActiveCfg = Release|Any CPU
		{E3CA36FA-AB4F-4DB3-9B53-914BC35FF5EF}.AppStore|iPhone.Build.0 = Release|Any CPU
		{E3CA36FA-AB4F-4DB3-9B53-914BC35FF5EF}.AppStore|iPhone.Deploy.0 = Release|Any CPU
		{E3CA36FA-AB4F-4DB3-9B53-914BC35FF5EF}.AppStore|iPhoneSimulator.ActiveCfg = Release|Any CPU
		{E3CA36FA-AB4F-4DB3-9B53-914BC35FF5EF}.AppStore|iPhoneSimulator.Build.0 = Release|Any CPU
		{E3CA36FA-AB4F-4DB3-9B53-914BC35FF5EF}.AppStore|iPhoneSimulator.Deploy.0 = Release|Any CPU
		{E3CA36FA-AB4F-4DB3-9B53-914BC35FF5EF}.AppStore|x64.ActiveCfg = Release|Any CPU
		{E3CA36FA-AB4F-4DB3-9B53-914BC35FF5EF}.AppStore|x64.Build.0 = Release|Any CPU
		{E3CA36FA-AB4F-4DB3-9B53-914BC35FF5EF}.AppStore|x64.Deploy.0 = Release|Any CPU
		{E3CA36FA-AB4F-4DB3-9B53-914BC35FF5EF}.AppStore|x86.ActiveCfg = Release|Any CPU
		{E3CA36FA-AB4F-4DB3-9B53-914BC35FF5EF}.AppStore|x86.Build.0 = Release|Any CPU
		{E3CA36FA-AB4F-4DB3-9B53-914BC35FF5EF}.AppStore|x86.Deploy.0 = Release|Any CPU
		{E3CA36FA-AB4F-4DB3-9B53-914BC35FF5EF}.Debug|Any CPU.ActiveCfg = Debug|Any CPU
		{E3CA36FA-AB4F-4DB3-9B53-914BC35FF5EF}.Debug|Any CPU.Build.0 = Debug|Any CPU
		{E3CA36FA-AB4F-4DB3-9B53-914BC35FF5EF}.Debug|Any CPU.Deploy.0 = Debug|Any CPU
		{E3CA36FA-AB4F-4DB3-9B53-914BC35FF5EF}.Debug|ARM.ActiveCfg = Debug|Any CPU
		{E3CA36FA-AB4F-4DB3-9B53-914BC35FF5EF}.Debug|ARM.Build.0 = Debug|Any CPU
		{E3CA36FA-AB4F-4DB3-9B53-914BC35FF5EF}.Debug|ARM.Deploy.0 = Debug|Any CPU
		{E3CA36FA-AB4F-4DB3-9B53-914BC35FF5EF}.Debug|ARM64.ActiveCfg = Debug|Any CPU
		{E3CA36FA-AB4F-4DB3-9B53-914BC35FF5EF}.Debug|ARM64.Build.0 = Debug|Any CPU
		{E3CA36FA-AB4F-4DB3-9B53-914BC35FF5EF}.Debug|ARM64.Deploy.0 = Debug|Any CPU
		{E3CA36FA-AB4F-4DB3-9B53-914BC35FF5EF}.Debug|iPhone.ActiveCfg = Debug|Any CPU
		{E3CA36FA-AB4F-4DB3-9B53-914BC35FF5EF}.Debug|iPhone.Build.0 = Debug|Any CPU
		{E3CA36FA-AB4F-4DB3-9B53-914BC35FF5EF}.Debug|iPhone.Deploy.0 = Debug|Any CPU
		{E3CA36FA-AB4F-4DB3-9B53-914BC35FF5EF}.Debug|iPhoneSimulator.ActiveCfg = Debug|Any CPU
		{E3CA36FA-AB4F-4DB3-9B53-914BC35FF5EF}.Debug|iPhoneSimulator.Build.0 = Debug|Any CPU
		{E3CA36FA-AB4F-4DB3-9B53-914BC35FF5EF}.Debug|iPhoneSimulator.Deploy.0 = Debug|Any CPU
		{E3CA36FA-AB4F-4DB3-9B53-914BC35FF5EF}.Debug|x64.ActiveCfg = Debug|Any CPU
		{E3CA36FA-AB4F-4DB3-9B53-914BC35FF5EF}.Debug|x64.Build.0 = Debug|Any CPU
		{E3CA36FA-AB4F-4DB3-9B53-914BC35FF5EF}.Debug|x64.Deploy.0 = Debug|Any CPU
		{E3CA36FA-AB4F-4DB3-9B53-914BC35FF5EF}.Debug|x86.ActiveCfg = Debug|Any CPU
		{E3CA36FA-AB4F-4DB3-9B53-914BC35FF5EF}.Debug|x86.Build.0 = Debug|Any CPU
		{E3CA36FA-AB4F-4DB3-9B53-914BC35FF5EF}.Debug|x86.Deploy.0 = Debug|Any CPU
		{E3CA36FA-AB4F-4DB3-9B53-914BC35FF5EF}.Release|Any CPU.ActiveCfg = Release|Any CPU
		{E3CA36FA-AB4F-4DB3-9B53-914BC35FF5EF}.Release|Any CPU.Build.0 = Release|Any CPU
		{E3CA36FA-AB4F-4DB3-9B53-914BC35FF5EF}.Release|Any CPU.Deploy.0 = Release|Any CPU
		{E3CA36FA-AB4F-4DB3-9B53-914BC35FF5EF}.Release|ARM.ActiveCfg = Release|Any CPU
		{E3CA36FA-AB4F-4DB3-9B53-914BC35FF5EF}.Release|ARM.Build.0 = Release|Any CPU
		{E3CA36FA-AB4F-4DB3-9B53-914BC35FF5EF}.Release|ARM.Deploy.0 = Release|Any CPU
		{E3CA36FA-AB4F-4DB3-9B53-914BC35FF5EF}.Release|ARM64.ActiveCfg = Release|Any CPU
		{E3CA36FA-AB4F-4DB3-9B53-914BC35FF5EF}.Release|ARM64.Build.0 = Release|Any CPU
		{E3CA36FA-AB4F-4DB3-9B53-914BC35FF5EF}.Release|ARM64.Deploy.0 = Release|Any CPU
		{E3CA36FA-AB4F-4DB3-9B53-914BC35FF5EF}.Release|iPhone.ActiveCfg = Release|Any CPU
		{E3CA36FA-AB4F-4DB3-9B53-914BC35FF5EF}.Release|iPhone.Build.0 = Release|Any CPU
		{E3CA36FA-AB4F-4DB3-9B53-914BC35FF5EF}.Release|iPhone.Deploy.0 = Release|Any CPU
		{E3CA36FA-AB4F-4DB3-9B53-914BC35FF5EF}.Release|iPhoneSimulator.ActiveCfg = Release|Any CPU
		{E3CA36FA-AB4F-4DB3-9B53-914BC35FF5EF}.Release|iPhoneSimulator.Build.0 = Release|Any CPU
		{E3CA36FA-AB4F-4DB3-9B53-914BC35FF5EF}.Release|iPhoneSimulator.Deploy.0 = Release|Any CPU
		{E3CA36FA-AB4F-4DB3-9B53-914BC35FF5EF}.Release|x64.ActiveCfg = Release|Any CPU
		{E3CA36FA-AB4F-4DB3-9B53-914BC35FF5EF}.Release|x64.Build.0 = Release|Any CPU
		{E3CA36FA-AB4F-4DB3-9B53-914BC35FF5EF}.Release|x64.Deploy.0 = Release|Any CPU
		{E3CA36FA-AB4F-4DB3-9B53-914BC35FF5EF}.Release|x86.ActiveCfg = Release|Any CPU
		{E3CA36FA-AB4F-4DB3-9B53-914BC35FF5EF}.Release|x86.Build.0 = Release|Any CPU
		{E3CA36FA-AB4F-4DB3-9B53-914BC35FF5EF}.Release|x86.Deploy.0 = Release|Any CPU
		{8DAA4302-D8BE-40EB-AC55-FBD598D2E5AA}.Ad-Hoc|Any CPU.ActiveCfg = Ad-Hoc|iPhone
		{8DAA4302-D8BE-40EB-AC55-FBD598D2E5AA}.Ad-Hoc|ARM.ActiveCfg = Ad-Hoc|iPhone
		{8DAA4302-D8BE-40EB-AC55-FBD598D2E5AA}.Ad-Hoc|ARM64.ActiveCfg = Ad-Hoc|iPhone
		{8DAA4302-D8BE-40EB-AC55-FBD598D2E5AA}.Ad-Hoc|iPhone.ActiveCfg = Ad-Hoc|iPhone
		{8DAA4302-D8BE-40EB-AC55-FBD598D2E5AA}.Ad-Hoc|iPhone.Build.0 = Ad-Hoc|iPhone
		{8DAA4302-D8BE-40EB-AC55-FBD598D2E5AA}.Ad-Hoc|iPhoneSimulator.ActiveCfg = Ad-Hoc|iPhoneSimulator
		{8DAA4302-D8BE-40EB-AC55-FBD598D2E5AA}.Ad-Hoc|iPhoneSimulator.Build.0 = Ad-Hoc|iPhoneSimulator
		{8DAA4302-D8BE-40EB-AC55-FBD598D2E5AA}.Ad-Hoc|x64.ActiveCfg = Ad-Hoc|iPhone
		{8DAA4302-D8BE-40EB-AC55-FBD598D2E5AA}.Ad-Hoc|x86.ActiveCfg = Ad-Hoc|iPhone
		{8DAA4302-D8BE-40EB-AC55-FBD598D2E5AA}.AppStore|Any CPU.ActiveCfg = AppStore|iPhone
		{8DAA4302-D8BE-40EB-AC55-FBD598D2E5AA}.AppStore|ARM.ActiveCfg = AppStore|iPhone
		{8DAA4302-D8BE-40EB-AC55-FBD598D2E5AA}.AppStore|ARM64.ActiveCfg = AppStore|iPhone
		{8DAA4302-D8BE-40EB-AC55-FBD598D2E5AA}.AppStore|iPhone.ActiveCfg = AppStore|iPhone
		{8DAA4302-D8BE-40EB-AC55-FBD598D2E5AA}.AppStore|iPhone.Build.0 = AppStore|iPhone
		{8DAA4302-D8BE-40EB-AC55-FBD598D2E5AA}.AppStore|iPhoneSimulator.ActiveCfg = AppStore|iPhoneSimulator
		{8DAA4302-D8BE-40EB-AC55-FBD598D2E5AA}.AppStore|iPhoneSimulator.Build.0 = AppStore|iPhoneSimulator
		{8DAA4302-D8BE-40EB-AC55-FBD598D2E5AA}.AppStore|x64.ActiveCfg = AppStore|iPhone
		{8DAA4302-D8BE-40EB-AC55-FBD598D2E5AA}.AppStore|x86.ActiveCfg = AppStore|iPhone
		{8DAA4302-D8BE-40EB-AC55-FBD598D2E5AA}.Debug|Any CPU.ActiveCfg = Debug|iPhone
		{8DAA4302-D8BE-40EB-AC55-FBD598D2E5AA}.Debug|ARM.ActiveCfg = Debug|iPhone
		{8DAA4302-D8BE-40EB-AC55-FBD598D2E5AA}.Debug|ARM64.ActiveCfg = Debug|iPhone
		{8DAA4302-D8BE-40EB-AC55-FBD598D2E5AA}.Debug|iPhone.ActiveCfg = Debug|iPhone
		{8DAA4302-D8BE-40EB-AC55-FBD598D2E5AA}.Debug|iPhone.Build.0 = Debug|iPhone
		{8DAA4302-D8BE-40EB-AC55-FBD598D2E5AA}.Debug|iPhoneSimulator.ActiveCfg = Debug|iPhoneSimulator
		{8DAA4302-D8BE-40EB-AC55-FBD598D2E5AA}.Debug|iPhoneSimulator.Build.0 = Debug|iPhoneSimulator
		{8DAA4302-D8BE-40EB-AC55-FBD598D2E5AA}.Debug|x64.ActiveCfg = Debug|iPhone
		{8DAA4302-D8BE-40EB-AC55-FBD598D2E5AA}.Debug|x86.ActiveCfg = Debug|iPhone
		{8DAA4302-D8BE-40EB-AC55-FBD598D2E5AA}.Release|Any CPU.ActiveCfg = Release|iPhone
		{8DAA4302-D8BE-40EB-AC55-FBD598D2E5AA}.Release|ARM.ActiveCfg = Release|iPhone
		{8DAA4302-D8BE-40EB-AC55-FBD598D2E5AA}.Release|ARM64.ActiveCfg = Release|iPhone
		{8DAA4302-D8BE-40EB-AC55-FBD598D2E5AA}.Release|iPhone.ActiveCfg = Release|iPhone
		{8DAA4302-D8BE-40EB-AC55-FBD598D2E5AA}.Release|iPhone.Build.0 = Release|iPhone
		{8DAA4302-D8BE-40EB-AC55-FBD598D2E5AA}.Release|iPhoneSimulator.ActiveCfg = Release|iPhoneSimulator
		{8DAA4302-D8BE-40EB-AC55-FBD598D2E5AA}.Release|iPhoneSimulator.Build.0 = Release|iPhoneSimulator
		{8DAA4302-D8BE-40EB-AC55-FBD598D2E5AA}.Release|x64.ActiveCfg = Release|iPhone
		{8DAA4302-D8BE-40EB-AC55-FBD598D2E5AA}.Release|x86.ActiveCfg = Release|iPhone
		{D819A12F-4810-4726-B526-B850311BFA45}.Ad-Hoc|Any CPU.ActiveCfg = Release|x64
		{D819A12F-4810-4726-B526-B850311BFA45}.Ad-Hoc|Any CPU.Build.0 = Release|x64
		{D819A12F-4810-4726-B526-B850311BFA45}.Ad-Hoc|Any CPU.Deploy.0 = Release|x64
		{D819A12F-4810-4726-B526-B850311BFA45}.Ad-Hoc|ARM.ActiveCfg = Release|ARM
		{D819A12F-4810-4726-B526-B850311BFA45}.Ad-Hoc|ARM.Build.0 = Release|ARM
		{D819A12F-4810-4726-B526-B850311BFA45}.Ad-Hoc|ARM.Deploy.0 = Release|ARM
		{D819A12F-4810-4726-B526-B850311BFA45}.Ad-Hoc|ARM64.ActiveCfg = Release|ARM64
		{D819A12F-4810-4726-B526-B850311BFA45}.Ad-Hoc|ARM64.Build.0 = Release|ARM64
		{D819A12F-4810-4726-B526-B850311BFA45}.Ad-Hoc|ARM64.Deploy.0 = Release|ARM64
		{D819A12F-4810-4726-B526-B850311BFA45}.Ad-Hoc|iPhone.ActiveCfg = Release|x64
		{D819A12F-4810-4726-B526-B850311BFA45}.Ad-Hoc|iPhone.Build.0 = Release|x64
		{D819A12F-4810-4726-B526-B850311BFA45}.Ad-Hoc|iPhone.Deploy.0 = Release|x64
		{D819A12F-4810-4726-B526-B850311BFA45}.Ad-Hoc|iPhoneSimulator.ActiveCfg = Release|x64
		{D819A12F-4810-4726-B526-B850311BFA45}.Ad-Hoc|iPhoneSimulator.Build.0 = Release|x64
		{D819A12F-4810-4726-B526-B850311BFA45}.Ad-Hoc|iPhoneSimulator.Deploy.0 = Release|x64
		{D819A12F-4810-4726-B526-B850311BFA45}.Ad-Hoc|x64.ActiveCfg = Release|x64
		{D819A12F-4810-4726-B526-B850311BFA45}.Ad-Hoc|x64.Build.0 = Release|x64
		{D819A12F-4810-4726-B526-B850311BFA45}.Ad-Hoc|x64.Deploy.0 = Release|x64
		{D819A12F-4810-4726-B526-B850311BFA45}.Ad-Hoc|x86.ActiveCfg = Release|x86
		{D819A12F-4810-4726-B526-B850311BFA45}.Ad-Hoc|x86.Build.0 = Release|x86
		{D819A12F-4810-4726-B526-B850311BFA45}.Ad-Hoc|x86.Deploy.0 = Release|x86
		{D819A12F-4810-4726-B526-B850311BFA45}.AppStore|Any CPU.ActiveCfg = Release|x64
		{D819A12F-4810-4726-B526-B850311BFA45}.AppStore|Any CPU.Build.0 = Release|x64
		{D819A12F-4810-4726-B526-B850311BFA45}.AppStore|Any CPU.Deploy.0 = Release|x64
		{D819A12F-4810-4726-B526-B850311BFA45}.AppStore|ARM.ActiveCfg = Release|ARM
		{D819A12F-4810-4726-B526-B850311BFA45}.AppStore|ARM.Build.0 = Release|ARM
		{D819A12F-4810-4726-B526-B850311BFA45}.AppStore|ARM.Deploy.0 = Release|ARM
		{D819A12F-4810-4726-B526-B850311BFA45}.AppStore|ARM64.ActiveCfg = Release|ARM64
		{D819A12F-4810-4726-B526-B850311BFA45}.AppStore|ARM64.Build.0 = Release|ARM64
		{D819A12F-4810-4726-B526-B850311BFA45}.AppStore|ARM64.Deploy.0 = Release|ARM64
		{D819A12F-4810-4726-B526-B850311BFA45}.AppStore|iPhone.ActiveCfg = Release|x64
		{D819A12F-4810-4726-B526-B850311BFA45}.AppStore|iPhone.Build.0 = Release|x64
		{D819A12F-4810-4726-B526-B850311BFA45}.AppStore|iPhone.Deploy.0 = Release|x64
		{D819A12F-4810-4726-B526-B850311BFA45}.AppStore|iPhoneSimulator.ActiveCfg = Release|x64
		{D819A12F-4810-4726-B526-B850311BFA45}.AppStore|iPhoneSimulator.Build.0 = Release|x64
		{D819A12F-4810-4726-B526-B850311BFA45}.AppStore|iPhoneSimulator.Deploy.0 = Release|x64
		{D819A12F-4810-4726-B526-B850311BFA45}.AppStore|x64.ActiveCfg = Release|x64
		{D819A12F-4810-4726-B526-B850311BFA45}.AppStore|x64.Build.0 = Release|x64
		{D819A12F-4810-4726-B526-B850311BFA45}.AppStore|x64.Deploy.0 = Release|x64
		{D819A12F-4810-4726-B526-B850311BFA45}.AppStore|x86.ActiveCfg = Release|x86
		{D819A12F-4810-4726-B526-B850311BFA45}.AppStore|x86.Build.0 = Release|x86
		{D819A12F-4810-4726-B526-B850311BFA45}.AppStore|x86.Deploy.0 = Release|x86
		{D819A12F-4810-4726-B526-B850311BFA45}.Debug|Any CPU.ActiveCfg = Debug|x86
		{D819A12F-4810-4726-B526-B850311BFA45}.Debug|ARM.ActiveCfg = Debug|ARM
		{D819A12F-4810-4726-B526-B850311BFA45}.Debug|ARM.Build.0 = Debug|ARM
		{D819A12F-4810-4726-B526-B850311BFA45}.Debug|ARM.Deploy.0 = Debug|ARM
		{D819A12F-4810-4726-B526-B850311BFA45}.Debug|ARM64.ActiveCfg = Debug|ARM64
		{D819A12F-4810-4726-B526-B850311BFA45}.Debug|ARM64.Build.0 = Debug|ARM64
		{D819A12F-4810-4726-B526-B850311BFA45}.Debug|ARM64.Deploy.0 = Debug|ARM64
		{D819A12F-4810-4726-B526-B850311BFA45}.Debug|iPhone.ActiveCfg = Debug|x86
		{D819A12F-4810-4726-B526-B850311BFA45}.Debug|iPhoneSimulator.ActiveCfg = Debug|x86
		{D819A12F-4810-4726-B526-B850311BFA45}.Debug|x64.ActiveCfg = Debug|x64
		{D819A12F-4810-4726-B526-B850311BFA45}.Debug|x64.Build.0 = Debug|x64
		{D819A12F-4810-4726-B526-B850311BFA45}.Debug|x64.Deploy.0 = Debug|x64
		{D819A12F-4810-4726-B526-B850311BFA45}.Debug|x86.ActiveCfg = Debug|x86
		{D819A12F-4810-4726-B526-B850311BFA45}.Debug|x86.Build.0 = Debug|x86
		{D819A12F-4810-4726-B526-B850311BFA45}.Debug|x86.Deploy.0 = Debug|x86
		{D819A12F-4810-4726-B526-B850311BFA45}.Release|Any CPU.ActiveCfg = Release|x86
		{D819A12F-4810-4726-B526-B850311BFA45}.Release|ARM.ActiveCfg = Release|ARM
		{D819A12F-4810-4726-B526-B850311BFA45}.Release|ARM.Build.0 = Release|ARM
		{D819A12F-4810-4726-B526-B850311BFA45}.Release|ARM.Deploy.0 = Release|ARM
		{D819A12F-4810-4726-B526-B850311BFA45}.Release|ARM64.ActiveCfg = Release|ARM64
		{D819A12F-4810-4726-B526-B850311BFA45}.Release|ARM64.Build.0 = Release|ARM64
		{D819A12F-4810-4726-B526-B850311BFA45}.Release|ARM64.Deploy.0 = Release|ARM64
		{D819A12F-4810-4726-B526-B850311BFA45}.Release|iPhone.ActiveCfg = Release|x86
		{D819A12F-4810-4726-B526-B850311BFA45}.Release|iPhoneSimulator.ActiveCfg = Release|x86
		{D819A12F-4810-4726-B526-B850311BFA45}.Release|x64.ActiveCfg = Release|x64
		{D819A12F-4810-4726-B526-B850311BFA45}.Release|x64.Build.0 = Release|x64
		{D819A12F-4810-4726-B526-B850311BFA45}.Release|x64.Deploy.0 = Release|x64
		{D819A12F-4810-4726-B526-B850311BFA45}.Release|x86.ActiveCfg = Release|x86
		{D819A12F-4810-4726-B526-B850311BFA45}.Release|x86.Build.0 = Release|x86
		{D819A12F-4810-4726-B526-B850311BFA45}.Release|x86.Deploy.0 = Release|x86
		{1A3D371D-2D22-4061-8E54-45D5E8E26454}.Ad-Hoc|Any CPU.ActiveCfg = Debug|Any CPU
		{1A3D371D-2D22-4061-8E54-45D5E8E26454}.Ad-Hoc|Any CPU.Build.0 = Debug|Any CPU
		{1A3D371D-2D22-4061-8E54-45D5E8E26454}.Ad-Hoc|ARM.ActiveCfg = Debug|Any CPU
		{1A3D371D-2D22-4061-8E54-45D5E8E26454}.Ad-Hoc|ARM.Build.0 = Debug|Any CPU
		{1A3D371D-2D22-4061-8E54-45D5E8E26454}.Ad-Hoc|ARM64.ActiveCfg = Debug|Any CPU
		{1A3D371D-2D22-4061-8E54-45D5E8E26454}.Ad-Hoc|ARM64.Build.0 = Debug|Any CPU
		{1A3D371D-2D22-4061-8E54-45D5E8E26454}.Ad-Hoc|iPhone.ActiveCfg = Debug|Any CPU
		{1A3D371D-2D22-4061-8E54-45D5E8E26454}.Ad-Hoc|iPhone.Build.0 = Debug|Any CPU
		{1A3D371D-2D22-4061-8E54-45D5E8E26454}.Ad-Hoc|iPhoneSimulator.ActiveCfg = Debug|Any CPU
		{1A3D371D-2D22-4061-8E54-45D5E8E26454}.Ad-Hoc|iPhoneSimulator.Build.0 = Debug|Any CPU
		{1A3D371D-2D22-4061-8E54-45D5E8E26454}.Ad-Hoc|x64.ActiveCfg = Debug|Any CPU
		{1A3D371D-2D22-4061-8E54-45D5E8E26454}.Ad-Hoc|x64.Build.0 = Debug|Any CPU
		{1A3D371D-2D22-4061-8E54-45D5E8E26454}.Ad-Hoc|x86.ActiveCfg = Debug|Any CPU
		{1A3D371D-2D22-4061-8E54-45D5E8E26454}.Ad-Hoc|x86.Build.0 = Debug|Any CPU
		{1A3D371D-2D22-4061-8E54-45D5E8E26454}.AppStore|Any CPU.ActiveCfg = Debug|Any CPU
		{1A3D371D-2D22-4061-8E54-45D5E8E26454}.AppStore|Any CPU.Build.0 = Debug|Any CPU
		{1A3D371D-2D22-4061-8E54-45D5E8E26454}.AppStore|ARM.ActiveCfg = Debug|Any CPU
		{1A3D371D-2D22-4061-8E54-45D5E8E26454}.AppStore|ARM.Build.0 = Debug|Any CPU
		{1A3D371D-2D22-4061-8E54-45D5E8E26454}.AppStore|ARM64.ActiveCfg = Debug|Any CPU
		{1A3D371D-2D22-4061-8E54-45D5E8E26454}.AppStore|ARM64.Build.0 = Debug|Any CPU
		{1A3D371D-2D22-4061-8E54-45D5E8E26454}.AppStore|iPhone.ActiveCfg = Debug|Any CPU
		{1A3D371D-2D22-4061-8E54-45D5E8E26454}.AppStore|iPhone.Build.0 = Debug|Any CPU
		{1A3D371D-2D22-4061-8E54-45D5E8E26454}.AppStore|iPhoneSimulator.ActiveCfg = Debug|Any CPU
		{1A3D371D-2D22-4061-8E54-45D5E8E26454}.AppStore|iPhoneSimulator.Build.0 = Debug|Any CPU
		{1A3D371D-2D22-4061-8E54-45D5E8E26454}.AppStore|x64.ActiveCfg = Debug|Any CPU
		{1A3D371D-2D22-4061-8E54-45D5E8E26454}.AppStore|x64.Build.0 = Debug|Any CPU
		{1A3D371D-2D22-4061-8E54-45D5E8E26454}.AppStore|x86.ActiveCfg = Debug|Any CPU
		{1A3D371D-2D22-4061-8E54-45D5E8E26454}.AppStore|x86.Build.0 = Debug|Any CPU
		{1A3D371D-2D22-4061-8E54-45D5E8E26454}.Debug|Any CPU.ActiveCfg = Debug|Any CPU
		{1A3D371D-2D22-4061-8E54-45D5E8E26454}.Debug|Any CPU.Build.0 = Debug|Any CPU
		{1A3D371D-2D22-4061-8E54-45D5E8E26454}.Debug|ARM.ActiveCfg = Debug|Any CPU
		{1A3D371D-2D22-4061-8E54-45D5E8E26454}.Debug|ARM.Build.0 = Debug|Any CPU
		{1A3D371D-2D22-4061-8E54-45D5E8E26454}.Debug|ARM64.ActiveCfg = Debug|Any CPU
		{1A3D371D-2D22-4061-8E54-45D5E8E26454}.Debug|ARM64.Build.0 = Debug|Any CPU
		{1A3D371D-2D22-4061-8E54-45D5E8E26454}.Debug|iPhone.ActiveCfg = Debug|Any CPU
		{1A3D371D-2D22-4061-8E54-45D5E8E26454}.Debug|iPhone.Build.0 = Debug|Any CPU
		{1A3D371D-2D22-4061-8E54-45D5E8E26454}.Debug|iPhoneSimulator.ActiveCfg = Debug|Any CPU
		{1A3D371D-2D22-4061-8E54-45D5E8E26454}.Debug|iPhoneSimulator.Build.0 = Debug|Any CPU
		{1A3D371D-2D22-4061-8E54-45D5E8E26454}.Debug|x64.ActiveCfg = Debug|Any CPU
		{1A3D371D-2D22-4061-8E54-45D5E8E26454}.Debug|x64.Build.0 = Debug|Any CPU
		{1A3D371D-2D22-4061-8E54-45D5E8E26454}.Debug|x86.ActiveCfg = Debug|Any CPU
		{1A3D371D-2D22-4061-8E54-45D5E8E26454}.Debug|x86.Build.0 = Debug|Any CPU
		{1A3D371D-2D22-4061-8E54-45D5E8E26454}.Release|Any CPU.ActiveCfg = Release|Any CPU
		{1A3D371D-2D22-4061-8E54-45D5E8E26454}.Release|Any CPU.Build.0 = Release|Any CPU
		{1A3D371D-2D22-4061-8E54-45D5E8E26454}.Release|ARM.ActiveCfg = Release|Any CPU
		{1A3D371D-2D22-4061-8E54-45D5E8E26454}.Release|ARM.Build.0 = Release|Any CPU
		{1A3D371D-2D22-4061-8E54-45D5E8E26454}.Release|ARM64.ActiveCfg = Release|Any CPU
		{1A3D371D-2D22-4061-8E54-45D5E8E26454}.Release|ARM64.Build.0 = Release|Any CPU
		{1A3D371D-2D22-4061-8E54-45D5E8E26454}.Release|iPhone.ActiveCfg = Release|Any CPU
		{1A3D371D-2D22-4061-8E54-45D5E8E26454}.Release|iPhone.Build.0 = Release|Any CPU
		{1A3D371D-2D22-4061-8E54-45D5E8E26454}.Release|iPhoneSimulator.ActiveCfg = Release|Any CPU
		{1A3D371D-2D22-4061-8E54-45D5E8E26454}.Release|iPhoneSimulator.Build.0 = Release|Any CPU
		{1A3D371D-2D22-4061-8E54-45D5E8E26454}.Release|x64.ActiveCfg = Release|Any CPU
		{1A3D371D-2D22-4061-8E54-45D5E8E26454}.Release|x64.Build.0 = Release|Any CPU
		{1A3D371D-2D22-4061-8E54-45D5E8E26454}.Release|x86.ActiveCfg = Release|Any CPU
		{1A3D371D-2D22-4061-8E54-45D5E8E26454}.Release|x86.Build.0 = Release|Any CPU
		{6D334DC6-3557-4171-85A1-4118B7CCA766}.Ad-Hoc|Any CPU.ActiveCfg = Release|iPhoneSimulator
		{6D334DC6-3557-4171-85A1-4118B7CCA766}.Ad-Hoc|Any CPU.Build.0 = Release|iPhoneSimulator
		{6D334DC6-3557-4171-85A1-4118B7CCA766}.Ad-Hoc|ARM.ActiveCfg = Release|iPhoneSimulator
		{6D334DC6-3557-4171-85A1-4118B7CCA766}.Ad-Hoc|ARM.Build.0 = Release|iPhoneSimulator
		{6D334DC6-3557-4171-85A1-4118B7CCA766}.Ad-Hoc|ARM64.ActiveCfg = Release|iPhoneSimulator
		{6D334DC6-3557-4171-85A1-4118B7CCA766}.Ad-Hoc|ARM64.Build.0 = Release|iPhoneSimulator
		{6D334DC6-3557-4171-85A1-4118B7CCA766}.Ad-Hoc|iPhone.ActiveCfg = Release|iPhoneSimulator
		{6D334DC6-3557-4171-85A1-4118B7CCA766}.Ad-Hoc|iPhone.Build.0 = Release|iPhoneSimulator
		{6D334DC6-3557-4171-85A1-4118B7CCA766}.Ad-Hoc|iPhoneSimulator.ActiveCfg = Release|iPhoneSimulator
		{6D334DC6-3557-4171-85A1-4118B7CCA766}.Ad-Hoc|iPhoneSimulator.Build.0 = Release|iPhoneSimulator
		{6D334DC6-3557-4171-85A1-4118B7CCA766}.Ad-Hoc|x64.ActiveCfg = Release|iPhoneSimulator
		{6D334DC6-3557-4171-85A1-4118B7CCA766}.Ad-Hoc|x64.Build.0 = Release|iPhoneSimulator
		{6D334DC6-3557-4171-85A1-4118B7CCA766}.Ad-Hoc|x86.ActiveCfg = Release|iPhoneSimulator
		{6D334DC6-3557-4171-85A1-4118B7CCA766}.Ad-Hoc|x86.Build.0 = Release|iPhoneSimulator
		{6D334DC6-3557-4171-85A1-4118B7CCA766}.AppStore|Any CPU.ActiveCfg = Release|iPhoneSimulator
		{6D334DC6-3557-4171-85A1-4118B7CCA766}.AppStore|Any CPU.Build.0 = Release|iPhoneSimulator
		{6D334DC6-3557-4171-85A1-4118B7CCA766}.AppStore|ARM.ActiveCfg = Release|iPhoneSimulator
		{6D334DC6-3557-4171-85A1-4118B7CCA766}.AppStore|ARM.Build.0 = Release|iPhoneSimulator
		{6D334DC6-3557-4171-85A1-4118B7CCA766}.AppStore|ARM64.ActiveCfg = Release|iPhoneSimulator
		{6D334DC6-3557-4171-85A1-4118B7CCA766}.AppStore|ARM64.Build.0 = Release|iPhoneSimulator
		{6D334DC6-3557-4171-85A1-4118B7CCA766}.AppStore|iPhone.ActiveCfg = Release|iPhoneSimulator
		{6D334DC6-3557-4171-85A1-4118B7CCA766}.AppStore|iPhone.Build.0 = Release|iPhoneSimulator
		{6D334DC6-3557-4171-85A1-4118B7CCA766}.AppStore|iPhoneSimulator.ActiveCfg = Release|iPhoneSimulator
		{6D334DC6-3557-4171-85A1-4118B7CCA766}.AppStore|iPhoneSimulator.Build.0 = Release|iPhoneSimulator
		{6D334DC6-3557-4171-85A1-4118B7CCA766}.AppStore|x64.ActiveCfg = Release|iPhoneSimulator
		{6D334DC6-3557-4171-85A1-4118B7CCA766}.AppStore|x64.Build.0 = Release|iPhoneSimulator
		{6D334DC6-3557-4171-85A1-4118B7CCA766}.AppStore|x86.ActiveCfg = Release|iPhoneSimulator
		{6D334DC6-3557-4171-85A1-4118B7CCA766}.AppStore|x86.Build.0 = Release|iPhoneSimulator
		{6D334DC6-3557-4171-85A1-4118B7CCA766}.Debug|Any CPU.ActiveCfg = Debug|iPhoneSimulator
		{6D334DC6-3557-4171-85A1-4118B7CCA766}.Debug|ARM.ActiveCfg = Debug|iPhoneSimulator
		{6D334DC6-3557-4171-85A1-4118B7CCA766}.Debug|ARM64.ActiveCfg = Debug|iPhoneSimulator
		{6D334DC6-3557-4171-85A1-4118B7CCA766}.Debug|iPhone.ActiveCfg = Debug|iPhoneSimulator
		{6D334DC6-3557-4171-85A1-4118B7CCA766}.Debug|iPhoneSimulator.ActiveCfg = Debug|iPhoneSimulator
		{6D334DC6-3557-4171-85A1-4118B7CCA766}.Debug|iPhoneSimulator.Build.0 = Debug|iPhoneSimulator
		{6D334DC6-3557-4171-85A1-4118B7CCA766}.Debug|x64.ActiveCfg = Debug|iPhoneSimulator
		{6D334DC6-3557-4171-85A1-4118B7CCA766}.Debug|x86.ActiveCfg = Debug|iPhoneSimulator
		{6D334DC6-3557-4171-85A1-4118B7CCA766}.Release|Any CPU.ActiveCfg = Release|iPhoneSimulator
		{6D334DC6-3557-4171-85A1-4118B7CCA766}.Release|ARM.ActiveCfg = Release|iPhoneSimulator
		{6D334DC6-3557-4171-85A1-4118B7CCA766}.Release|ARM64.ActiveCfg = Release|iPhoneSimulator
		{6D334DC6-3557-4171-85A1-4118B7CCA766}.Release|iPhone.ActiveCfg = Release|iPhoneSimulator
		{6D334DC6-3557-4171-85A1-4118B7CCA766}.Release|iPhoneSimulator.ActiveCfg = Release|iPhoneSimulator
		{6D334DC6-3557-4171-85A1-4118B7CCA766}.Release|iPhoneSimulator.Build.0 = Release|iPhoneSimulator
		{6D334DC6-3557-4171-85A1-4118B7CCA766}.Release|x64.ActiveCfg = Release|iPhoneSimulator
		{6D334DC6-3557-4171-85A1-4118B7CCA766}.Release|x86.ActiveCfg = Release|iPhoneSimulator
	EndGlobalSection
	GlobalSection(SolutionProperties) = preSolution
		HideSolutionNode = FALSE
	EndGlobalSection
	GlobalSection(ExtensibilityGlobals) = postSolution
		SolutionGuid = {099E9D5F-76DA-4DF2-A9D7-D4B313CB61FE}
	EndGlobalSection
EndGlobal
